// !$*UTF8*$!
{
	archiveVersion = 1;
	classes = {
	};
	objectVersion = 56;
	objects = {

/* Begin PBXBuildFile section */
		1E11D9EF2A8E668E0027D6F5 /* PlaceMarker.swift in Sources */ = {isa = PBXBuildFile; fileRef = 1E11D9EE2A8E668E0027D6F5 /* PlaceMarker.swift */; };
		1E11D9F12A8E98B60027D6F5 /* CircleButton.swift in Sources */ = {isa = PBXBuildFile; fileRef = 1E11D9F02A8E98B60027D6F5 /* CircleButton.swift */; };
		1E2C71322A82825100859849 /* Coordinator.swift in Sources */ = {isa = PBXBuildFile; fileRef = 1E2C71312A82825100859849 /* Coordinator.swift */; };
		1E2C71372A82A1C800859849 /* Coordinate.swift in Sources */ = {isa = PBXBuildFile; fileRef = 1E2C71362A82A1C800859849 /* Coordinate.swift */; };
		1E2C71392A82A1E500859849 /* MapView.swift in Sources */ = {isa = PBXBuildFile; fileRef = 1E2C71382A82A1E500859849 /* MapView.swift */; };
		1EA891EB2A70023300775195 /* Properties.swift in Sources */ = {isa = PBXBuildFile; fileRef = 1EA891EA2A70023300775195 /* Properties.swift */; };
		1EA891ED2A70024900775195 /* Kind.swift in Sources */ = {isa = PBXBuildFile; fileRef = 1EA891EC2A70024900775195 /* Kind.swift */; };
		1EA891EF2A70025F00775195 /* Point.swift in Sources */ = {isa = PBXBuildFile; fileRef = 1EA891EE2A70025F00775195 /* Point.swift */; };
		1EA891F12A70028100775195 /* PossibleKind.swift in Sources */ = {isa = PBXBuildFile; fileRef = 1EA891F02A70028100775195 /* PossibleKind.swift */; };
		1EA891F52A70035300775195 /* PlacesScene.swift in Sources */ = {isa = PBXBuildFile; fileRef = 1EA891F42A70035300775195 /* PlacesScene.swift */; };
		1EA891F72A7004DD00775195 /* PlacesRow.swift in Sources */ = {isa = PBXBuildFile; fileRef = 1EA891F62A7004DD00775195 /* PlacesRow.swift */; };
		1EA891F92A7013AF00775195 /* Places.swift in Sources */ = {isa = PBXBuildFile; fileRef = 1EA891F82A7013AF00775195 /* Places.swift */; };
		1EA891FB2A7013FD00775195 /* Place.swift in Sources */ = {isa = PBXBuildFile; fileRef = 1EA891FA2A7013FD00775195 /* Place.swift */; };
		1EB4914C2A80184200BDFF1D /* ActivityIndicatorView in Frameworks */ = {isa = PBXBuildFile; productRef = 1EB4914B2A80184200BDFF1D /* ActivityIndicatorView */; };
		1EB4914E2A801AFC00BDFF1D /* PlaceDetailScene.swift in Sources */ = {isa = PBXBuildFile; fileRef = 1EB4914D2A801AFC00BDFF1D /* PlaceDetailScene.swift */; };
		1ECF32992A8274B9008AF871 /* PlaceDetailViewState.swift in Sources */ = {isa = PBXBuildFile; fileRef = 1ECF32982A8274B9008AF871 /* PlaceDetailViewState.swift */; };
		1ECF329B2A82751B008AF871 /* PlacesStateView.swift in Sources */ = {isa = PBXBuildFile; fileRef = 1ECF329A2A82751B008AF871 /* PlacesStateView.swift */; };
		1ECF329E2A827CB0008AF871 /* PlacesObservableObject.swift in Sources */ = {isa = PBXBuildFile; fileRef = 1ECF329D2A827CB0008AF871 /* PlacesObservableObject.swift */; };
		1EE2750E2A80EC750080213A /* PlaceTitleSubtitleDistance.swift in Sources */ = {isa = PBXBuildFile; fileRef = 1EE2750D2A80EC750080213A /* PlaceTitleSubtitleDistance.swift */; };
		1EE431802A9E26F0004E1DB7 /* ImageStorage.swift in Sources */ = {isa = PBXBuildFile; fileRef = 1EE4317F2A9E26F0004E1DB7 /* ImageStorage.swift */; };
		1EE606622A8BB9E300B87DBA /* PlacesService.swift in Sources */ = {isa = PBXBuildFile; fileRef = 1EE606612A8BB9E300B87DBA /* PlacesService.swift */; };
		C05610492A5C78CA007FB970 /* DevAcademyApp.swift in Sources */ = {isa = PBXBuildFile; fileRef = C05610482A5C78CA007FB970 /* DevAcademyApp.swift */; };
		C056104B2A5C78CA007FB970 /* ContentView.swift in Sources */ = {isa = PBXBuildFile; fileRef = C056104A2A5C78CA007FB970 /* ContentView.swift */; };
		C056104D2A5C78CB007FB970 /* Assets.xcassets in Resources */ = {isa = PBXBuildFile; fileRef = C056104C2A5C78CB007FB970 /* Assets.xcassets */; };
		C05610502A5C78CB007FB970 /* Preview Assets.xcassets in Resources */ = {isa = PBXBuildFile; fileRef = C056104F2A5C78CB007FB970 /* Preview Assets.xcassets */; };
/* End PBXBuildFile section */

/* Begin PBXFileReference section */
		1E11D9EE2A8E668E0027D6F5 /* PlaceMarker.swift */ = {isa = PBXFileReference; lastKnownFileType = sourcecode.swift; path = PlaceMarker.swift; sourceTree = "<group>"; };
		1E11D9F02A8E98B60027D6F5 /* CircleButton.swift */ = {isa = PBXFileReference; lastKnownFileType = sourcecode.swift; path = CircleButton.swift; sourceTree = "<group>"; };
		1E2C71312A82825100859849 /* Coordinator.swift */ = {isa = PBXFileReference; lastKnownFileType = sourcecode.swift; path = Coordinator.swift; sourceTree = "<group>"; };
		1E2C71362A82A1C800859849 /* Coordinate.swift */ = {isa = PBXFileReference; lastKnownFileType = sourcecode.swift; path = Coordinate.swift; sourceTree = "<group>"; };
		1E2C71382A82A1E500859849 /* MapView.swift */ = {isa = PBXFileReference; lastKnownFileType = sourcecode.swift; path = MapView.swift; sourceTree = "<group>"; };
		1EA891EA2A70023300775195 /* Properties.swift */ = {isa = PBXFileReference; lastKnownFileType = sourcecode.swift; path = Properties.swift; sourceTree = "<group>"; };
		1EA891EC2A70024900775195 /* Kind.swift */ = {isa = PBXFileReference; lastKnownFileType = sourcecode.swift; path = Kind.swift; sourceTree = "<group>"; };
		1EA891EE2A70025F00775195 /* Point.swift */ = {isa = PBXFileReference; lastKnownFileType = sourcecode.swift; path = Point.swift; sourceTree = "<group>"; };
		1EA891F02A70028100775195 /* PossibleKind.swift */ = {isa = PBXFileReference; lastKnownFileType = sourcecode.swift; path = PossibleKind.swift; sourceTree = "<group>"; };
		1EA891F42A70035300775195 /* PlacesScene.swift */ = {isa = PBXFileReference; lastKnownFileType = sourcecode.swift; path = PlacesScene.swift; sourceTree = "<group>"; };
		1EA891F62A7004DD00775195 /* PlacesRow.swift */ = {isa = PBXFileReference; lastKnownFileType = sourcecode.swift; path = PlacesRow.swift; sourceTree = "<group>"; };
		1EA891F82A7013AF00775195 /* Places.swift */ = {isa = PBXFileReference; lastKnownFileType = sourcecode.swift; path = Places.swift; sourceTree = "<group>"; };
		1EA891FA2A7013FD00775195 /* Place.swift */ = {isa = PBXFileReference; lastKnownFileType = sourcecode.swift; path = Place.swift; sourceTree = "<group>"; };
		1EB4914D2A801AFC00BDFF1D /* PlaceDetailScene.swift */ = {isa = PBXFileReference; lastKnownFileType = sourcecode.swift; path = PlaceDetailScene.swift; sourceTree = "<group>"; };
		1ECF32982A8274B9008AF871 /* PlaceDetailViewState.swift */ = {isa = PBXFileReference; lastKnownFileType = sourcecode.swift; path = PlaceDetailViewState.swift; sourceTree = "<group>"; };
		1ECF329A2A82751B008AF871 /* PlacesStateView.swift */ = {isa = PBXFileReference; lastKnownFileType = sourcecode.swift; path = PlacesStateView.swift; sourceTree = "<group>"; };
		1ECF329D2A827CB0008AF871 /* PlacesObservableObject.swift */ = {isa = PBXFileReference; lastKnownFileType = sourcecode.swift; path = PlacesObservableObject.swift; sourceTree = "<group>"; };
		1EE2750D2A80EC750080213A /* PlaceTitleSubtitleDistance.swift */ = {isa = PBXFileReference; lastKnownFileType = sourcecode.swift; path = PlaceTitleSubtitleDistance.swift; sourceTree = "<group>"; };
		1EE4317F2A9E26F0004E1DB7 /* ImageStorage.swift */ = {isa = PBXFileReference; lastKnownFileType = sourcecode.swift; path = ImageStorage.swift; sourceTree = "<group>"; };
		1EE606612A8BB9E300B87DBA /* PlacesService.swift */ = {isa = PBXFileReference; lastKnownFileType = sourcecode.swift; path = PlacesService.swift; sourceTree = "<group>"; };
		C05610452A5C78CA007FB970 /* DevAcademy.app */ = {isa = PBXFileReference; explicitFileType = wrapper.application; includeInIndex = 0; path = DevAcademy.app; sourceTree = BUILT_PRODUCTS_DIR; };
		C05610482A5C78CA007FB970 /* DevAcademyApp.swift */ = {isa = PBXFileReference; lastKnownFileType = sourcecode.swift; path = DevAcademyApp.swift; sourceTree = "<group>"; };
		C056104A2A5C78CA007FB970 /* ContentView.swift */ = {isa = PBXFileReference; lastKnownFileType = sourcecode.swift; path = ContentView.swift; sourceTree = "<group>"; };
		C056104C2A5C78CB007FB970 /* Assets.xcassets */ = {isa = PBXFileReference; lastKnownFileType = folder.assetcatalog; path = Assets.xcassets; sourceTree = "<group>"; };
		C056104F2A5C78CB007FB970 /* Preview Assets.xcassets */ = {isa = PBXFileReference; lastKnownFileType = folder.assetcatalog; path = "Preview Assets.xcassets"; sourceTree = "<group>"; };
/* End PBXFileReference section */

/* Begin PBXFrameworksBuildPhase section */
		C05610422A5C78CA007FB970 /* Frameworks */ = {
			isa = PBXFrameworksBuildPhase;
			buildActionMask = 2147483647;
			files = (
				1EB4914C2A80184200BDFF1D /* ActivityIndicatorView in Frameworks */,
			);
			runOnlyForDeploymentPostprocessing = 0;
		};
/* End PBXFrameworksBuildPhase section */

/* Begin PBXGroup section */
		1E2C71332A829E0E00859849 /* Components */ = {
			isa = PBXGroup;
			children = (
				1EE2750D2A80EC750080213A /* PlaceTitleSubtitleDistance.swift */,
				1E2C71382A82A1E500859849 /* MapView.swift */,
				1E11D9EE2A8E668E0027D6F5 /* PlaceMarker.swift */,
				1E11D9F02A8E98B60027D6F5 /* CircleButton.swift */,
			);
			path = Components;
			sourceTree = "<group>";
		};
		1EA891E42A6FFFDE00775195 /* Scenes */ = {
			isa = PBXGroup;
			children = (
				1ECF32972A827452008AF871 /* PlaceDetail */,
				1EA891F22A7002BC00775195 /* Places */,
			);
			path = Scenes;
			sourceTree = "<group>";
		};
		1EA891E52A6FFFF800775195 /* Models */ = {
			isa = PBXGroup;
			children = (
				1EA891EA2A70023300775195 /* Properties.swift */,
				1EA891EC2A70024900775195 /* Kind.swift */,
				1EA891EE2A70025F00775195 /* Point.swift */,
				1EA891F02A70028100775195 /* PossibleKind.swift */,
				1EA891F82A7013AF00775195 /* Places.swift */,
				1EA891FA2A7013FD00775195 /* Place.swift */,
				1E2C71362A82A1C800859849 /* Coordinate.swift */,
			);
			path = Models;
			sourceTree = "<group>";
		};
		1EA891E62A70000900775195 /* Services */ = {
			isa = PBXGroup;
			children = (
				1EE606612A8BB9E300B87DBA /* PlacesService.swift */,
			);
			path = Services;
			sourceTree = "<group>";
		};
		1EA891F22A7002BC00775195 /* Places */ = {
			isa = PBXGroup;
			children = (
				1EA891F42A70035300775195 /* PlacesScene.swift */,
				1EA891F62A7004DD00775195 /* PlacesRow.swift */,
				1ECF329A2A82751B008AF871 /* PlacesStateView.swift */,
			);
			path = Places;
			sourceTree = "<group>";
		};
		1ECF32972A827452008AF871 /* PlaceDetail */ = {
			isa = PBXGroup;
			children = (
				1EB4914D2A801AFC00BDFF1D /* PlaceDetailScene.swift */,
				1ECF32982A8274B9008AF871 /* PlaceDetailViewState.swift */,
			);
			path = PlaceDetail;
			sourceTree = "<group>";
		};
		1ECF329C2A827C3C008AF871 /* Environment */ = {
			isa = PBXGroup;
			children = (
				1ECF329D2A827CB0008AF871 /* PlacesObservableObject.swift */,
				1E2C71312A82825100859849 /* Coordinator.swift */,
			);
			path = Environment;
			sourceTree = "<group>";
		};
		1EE4317E2A9E26BE004E1DB7 /* Utils */ = {
			isa = PBXGroup;
			children = (
				1EE4317F2A9E26F0004E1DB7 /* ImageStorage.swift */,
			);
			path = Utils;
			sourceTree = "<group>";
		};
		C056103C2A5C78CA007FB970 = {
			isa = PBXGroup;
			children = (
				C05610472A5C78CA007FB970 /* DevAcademy */,
				C05610462A5C78CA007FB970 /* Products */,
			);
			sourceTree = "<group>";
		};
		C05610462A5C78CA007FB970 /* Products */ = {
			isa = PBXGroup;
			children = (
				C05610452A5C78CA007FB970 /* DevAcademy.app */,
			);
			name = Products;
			sourceTree = "<group>";
		};
		C05610472A5C78CA007FB970 /* DevAcademy */ = {
			isa = PBXGroup;
			children = (
				C05610482A5C78CA007FB970 /* DevAcademyApp.swift */,
				C056104A2A5C78CA007FB970 /* ContentView.swift */,
				1EE4317E2A9E26BE004E1DB7 /* Utils */,
				1E2C71332A829E0E00859849 /* Components */,
				1ECF329C2A827C3C008AF871 /* Environment */,
				1EA891E62A70000900775195 /* Services */,
				1EA891E52A6FFFF800775195 /* Models */,
				1EA891E42A6FFFDE00775195 /* Scenes */,
				C056104C2A5C78CB007FB970 /* Assets.xcassets */,
				C056104E2A5C78CB007FB970 /* Preview Content */,
			);
			path = DevAcademy;
			sourceTree = "<group>";
		};
		C056104E2A5C78CB007FB970 /* Preview Content */ = {
			isa = PBXGroup;
			children = (
				C056104F2A5C78CB007FB970 /* Preview Assets.xcassets */,
			);
			path = "Preview Content";
			sourceTree = "<group>";
		};
/* End PBXGroup section */

/* Begin PBXNativeTarget section */
		C05610442A5C78CA007FB970 /* DevAcademy */ = {
			isa = PBXNativeTarget;
			buildConfigurationList = C05610532A5C78CB007FB970 /* Build configuration list for PBXNativeTarget "DevAcademy" */;
			buildPhases = (
				C05610412A5C78CA007FB970 /* Sources */,
				C05610422A5C78CA007FB970 /* Frameworks */,
				C05610432A5C78CA007FB970 /* Resources */,
			);
			buildRules = (
			);
			dependencies = (
			);
			name = DevAcademy;
			packageProductDependencies = (
				1EB4914B2A80184200BDFF1D /* ActivityIndicatorView */,
			);
			productName = DevAcademy;
			productReference = C05610452A5C78CA007FB970 /* DevAcademy.app */;
			productType = "com.apple.product-type.application";
		};
/* End PBXNativeTarget section */

/* Begin PBXProject section */
		C056103D2A5C78CA007FB970 /* Project object */ = {
			isa = PBXProject;
			attributes = {
				BuildIndependentTargetsInParallel = 1;
				LastSwiftUpdateCheck = 1430;
				LastUpgradeCheck = 1430;
				TargetAttributes = {
					C05610442A5C78CA007FB970 = {
						CreatedOnToolsVersion = 14.3.1;
					};
				};
			};
			buildConfigurationList = C05610402A5C78CA007FB970 /* Build configuration list for PBXProject "DevAcademy" */;
			compatibilityVersion = "Xcode 14.0";
			developmentRegion = en;
			hasScannedForEncodings = 0;
			knownRegions = (
				en,
				Base,
			);
			mainGroup = C056103C2A5C78CA007FB970;
			packageReferences = (
				1EB4914A2A80184200BDFF1D /* XCRemoteSwiftPackageReference "ActivityIndicatorView" */,
			);
			productRefGroup = C05610462A5C78CA007FB970 /* Products */;
			projectDirPath = "";
			projectRoot = "";
			targets = (
				C05610442A5C78CA007FB970 /* DevAcademy */,
			);
		};
/* End PBXProject section */

/* Begin PBXResourcesBuildPhase section */
		C05610432A5C78CA007FB970 /* Resources */ = {
			isa = PBXResourcesBuildPhase;
			buildActionMask = 2147483647;
			files = (
				C05610502A5C78CB007FB970 /* Preview Assets.xcassets in Resources */,
				C056104D2A5C78CB007FB970 /* Assets.xcassets in Resources */,
			);
			runOnlyForDeploymentPostprocessing = 0;
		};
/* End PBXResourcesBuildPhase section */

/* Begin PBXSourcesBuildPhase section */
		C05610412A5C78CA007FB970 /* Sources */ = {
			isa = PBXSourcesBuildPhase;
			buildActionMask = 2147483647;
			files = (
				1E11D9F12A8E98B60027D6F5 /* CircleButton.swift in Sources */,
				1EA891FB2A7013FD00775195 /* Place.swift in Sources */,
				1ECF32992A8274B9008AF871 /* PlaceDetailViewState.swift in Sources */,
				1EA891F72A7004DD00775195 /* PlacesRow.swift in Sources */,
				C056104B2A5C78CA007FB970 /* ContentView.swift in Sources */,
				C05610492A5C78CA007FB970 /* DevAcademyApp.swift in Sources */,
				1E2C71372A82A1C800859849 /* Coordinate.swift in Sources */,
				1EA891EB2A70023300775195 /* Properties.swift in Sources */,
				1ECF329B2A82751B008AF871 /* PlacesStateView.swift in Sources */,
				1EA891F52A70035300775195 /* PlacesScene.swift in Sources */,
				1EA891F12A70028100775195 /* PossibleKind.swift in Sources */,
				1EB4914E2A801AFC00BDFF1D /* PlaceDetailScene.swift in Sources */,
				1EE606622A8BB9E300B87DBA /* PlacesService.swift in Sources */,
				1E2C71322A82825100859849 /* Coordinator.swift in Sources */,
				1EA891EF2A70025F00775195 /* Point.swift in Sources */,
				1EE431802A9E26F0004E1DB7 /* ImageStorage.swift in Sources */,
				1ECF329E2A827CB0008AF871 /* PlacesObservableObject.swift in Sources */,
				1E11D9EF2A8E668E0027D6F5 /* PlaceMarker.swift in Sources */,
				1E2C71392A82A1E500859849 /* MapView.swift in Sources */,
				1EE2750E2A80EC750080213A /* PlaceTitleSubtitleDistance.swift in Sources */,
				1EA891ED2A70024900775195 /* Kind.swift in Sources */,
				1EA891F92A7013AF00775195 /* Places.swift in Sources */,
			);
			runOnlyForDeploymentPostprocessing = 0;
		};
/* End PBXSourcesBuildPhase section */

/* Begin XCBuildConfiguration section */
		C05610512A5C78CB007FB970 /* Debug */ = {
			isa = XCBuildConfiguration;
			buildSettings = {
				ALWAYS_SEARCH_USER_PATHS = NO;
				CLANG_ANALYZER_NONNULL = YES;
				CLANG_ANALYZER_NUMBER_OBJECT_CONVERSION = YES_AGGRESSIVE;
				CLANG_CXX_LANGUAGE_STANDARD = "gnu++20";
				CLANG_ENABLE_MODULES = YES;
				CLANG_ENABLE_OBJC_ARC = YES;
				CLANG_ENABLE_OBJC_WEAK = YES;
				CLANG_WARN_BLOCK_CAPTURE_AUTORELEASING = YES;
				CLANG_WARN_BOOL_CONVERSION = YES;
				CLANG_WARN_COMMA = YES;
				CLANG_WARN_CONSTANT_CONVERSION = YES;
				CLANG_WARN_DEPRECATED_OBJC_IMPLEMENTATIONS = YES;
				CLANG_WARN_DIRECT_OBJC_ISA_USAGE = YES_ERROR;
				CLANG_WARN_DOCUMENTATION_COMMENTS = YES;
				CLANG_WARN_EMPTY_BODY = YES;
				CLANG_WARN_ENUM_CONVERSION = YES;
				CLANG_WARN_INFINITE_RECURSION = YES;
				CLANG_WARN_INT_CONVERSION = YES;
				CLANG_WARN_NON_LITERAL_NULL_CONVERSION = YES;
				CLANG_WARN_OBJC_IMPLICIT_RETAIN_SELF = YES;
				CLANG_WARN_OBJC_LITERAL_CONVERSION = YES;
				CLANG_WARN_OBJC_ROOT_CLASS = YES_ERROR;
				CLANG_WARN_QUOTED_INCLUDE_IN_FRAMEWORK_HEADER = YES;
				CLANG_WARN_RANGE_LOOP_ANALYSIS = YES;
				CLANG_WARN_STRICT_PROTOTYPES = YES;
				CLANG_WARN_SUSPICIOUS_MOVE = YES;
				CLANG_WARN_UNGUARDED_AVAILABILITY = YES_AGGRESSIVE;
				CLANG_WARN_UNREACHABLE_CODE = YES;
				CLANG_WARN__DUPLICATE_METHOD_MATCH = YES;
				COPY_PHASE_STRIP = NO;
				DEBUG_INFORMATION_FORMAT = dwarf;
				ENABLE_STRICT_OBJC_MSGSEND = YES;
				ENABLE_TESTABILITY = YES;
				GCC_C_LANGUAGE_STANDARD = gnu11;
				GCC_DYNAMIC_NO_PIC = NO;
				GCC_NO_COMMON_BLOCKS = YES;
				GCC_OPTIMIZATION_LEVEL = 0;
				GCC_PREPROCESSOR_DEFINITIONS = (
					"DEBUG=1",
					"$(inherited)",
				);
				GCC_WARN_64_TO_32_BIT_CONVERSION = YES;
				GCC_WARN_ABOUT_RETURN_TYPE = YES_ERROR;
				GCC_WARN_UNDECLARED_SELECTOR = YES;
				GCC_WARN_UNINITIALIZED_AUTOS = YES_AGGRESSIVE;
				GCC_WARN_UNUSED_FUNCTION = YES;
				GCC_WARN_UNUSED_VARIABLE = YES;
				IPHONEOS_DEPLOYMENT_TARGET = 16.0;
				MTL_ENABLE_DEBUG_INFO = INCLUDE_SOURCE;
				MTL_FAST_MATH = YES;
				ONLY_ACTIVE_ARCH = YES;
				SDKROOT = iphoneos;
				SWIFT_ACTIVE_COMPILATION_CONDITIONS = DEBUG;
				SWIFT_OPTIMIZATION_LEVEL = "-Onone";
			};
			name = Debug;
		};
		C05610522A5C78CB007FB970 /* Release */ = {
			isa = XCBuildConfiguration;
			buildSettings = {
				ALWAYS_SEARCH_USER_PATHS = NO;
				CLANG_ANALYZER_NONNULL = YES;
				CLANG_ANALYZER_NUMBER_OBJECT_CONVERSION = YES_AGGRESSIVE;
				CLANG_CXX_LANGUAGE_STANDARD = "gnu++20";
				CLANG_ENABLE_MODULES = YES;
				CLANG_ENABLE_OBJC_ARC = YES;
				CLANG_ENABLE_OBJC_WEAK = YES;
				CLANG_WARN_BLOCK_CAPTURE_AUTORELEASING = YES;
				CLANG_WARN_BOOL_CONVERSION = YES;
				CLANG_WARN_COMMA = YES;
				CLANG_WARN_CONSTANT_CONVERSION = YES;
				CLANG_WARN_DEPRECATED_OBJC_IMPLEMENTATIONS = YES;
				CLANG_WARN_DIRECT_OBJC_ISA_USAGE = YES_ERROR;
				CLANG_WARN_DOCUMENTATION_COMMENTS = YES;
				CLANG_WARN_EMPTY_BODY = YES;
				CLANG_WARN_ENUM_CONVERSION = YES;
				CLANG_WARN_INFINITE_RECURSION = YES;
				CLANG_WARN_INT_CONVERSION = YES;
				CLANG_WARN_NON_LITERAL_NULL_CONVERSION = YES;
				CLANG_WARN_OBJC_IMPLICIT_RETAIN_SELF = YES;
				CLANG_WARN_OBJC_LITERAL_CONVERSION = YES;
				CLANG_WARN_OBJC_ROOT_CLASS = YES_ERROR;
				CLANG_WARN_QUOTED_INCLUDE_IN_FRAMEWORK_HEADER = YES;
				CLANG_WARN_RANGE_LOOP_ANALYSIS = YES;
				CLANG_WARN_STRICT_PROTOTYPES = YES;
				CLANG_WARN_SUSPICIOUS_MOVE = YES;
				CLANG_WARN_UNGUARDED_AVAILABILITY = YES_AGGRESSIVE;
				CLANG_WARN_UNREACHABLE_CODE = YES;
				CLANG_WARN__DUPLICATE_METHOD_MATCH = YES;
				COPY_PHASE_STRIP = NO;
				DEBUG_INFORMATION_FORMAT = "dwarf-with-dsym";
				ENABLE_NS_ASSERTIONS = NO;
				ENABLE_STRICT_OBJC_MSGSEND = YES;
				GCC_C_LANGUAGE_STANDARD = gnu11;
				GCC_NO_COMMON_BLOCKS = YES;
				GCC_WARN_64_TO_32_BIT_CONVERSION = YES;
				GCC_WARN_ABOUT_RETURN_TYPE = YES_ERROR;
				GCC_WARN_UNDECLARED_SELECTOR = YES;
				GCC_WARN_UNINITIALIZED_AUTOS = YES_AGGRESSIVE;
				GCC_WARN_UNUSED_FUNCTION = YES;
				GCC_WARN_UNUSED_VARIABLE = YES;
				IPHONEOS_DEPLOYMENT_TARGET = 16.0;
				MTL_ENABLE_DEBUG_INFO = NO;
				MTL_FAST_MATH = YES;
				SDKROOT = iphoneos;
				SWIFT_COMPILATION_MODE = wholemodule;
				SWIFT_OPTIMIZATION_LEVEL = "-O";
				VALIDATE_PRODUCT = YES;
			};
			name = Release;
		};
		C05610542A5C78CB007FB970 /* Debug */ = {
			isa = XCBuildConfiguration;
			buildSettings = {
				ASSETCATALOG_COMPILER_APPICON_NAME = AppIcon;
				ASSETCATALOG_COMPILER_GLOBAL_ACCENT_COLOR_NAME = AccentColor;
				CODE_SIGN_STYLE = Automatic;
				CURRENT_PROJECT_VERSION = 1;
				DEVELOPMENT_ASSET_PATHS = "\"DevAcademy/Preview Content\"";
				DEVELOPMENT_TEAM = U6U6MSV7P2;
				ENABLE_PREVIEWS = YES;
				GENERATE_INFOPLIST_FILE = YES;
				INFOPLIST_KEY_UIApplicationSceneManifest_Generation = YES;
				INFOPLIST_KEY_UIApplicationSupportsIndirectInputEvents = YES;
				INFOPLIST_KEY_UILaunchScreen_Generation = YES;
				INFOPLIST_KEY_UISupportedInterfaceOrientations_iPad = "UIInterfaceOrientationPortrait UIInterfaceOrientationPortraitUpsideDown UIInterfaceOrientationLandscapeLeft UIInterfaceOrientationLandscapeRight";
				INFOPLIST_KEY_UISupportedInterfaceOrientations_iPhone = "UIInterfaceOrientationPortrait UIInterfaceOrientationLandscapeLeft UIInterfaceOrientationLandscapeRight";
				IPHONEOS_DEPLOYMENT_TARGET = 16.0;
				LD_RUNPATH_SEARCH_PATHS = (
					"$(inherited)",
					"@executable_path/Frameworks",
				);
				MARKETING_VERSION = 1.0;
				PRODUCT_BUNDLE_IDENTIFIER = app.futured.DevAcademy.janVaverka;
				PRODUCT_NAME = "$(TARGET_NAME)";
				SUPPORTED_PLATFORMS = "iphoneos iphonesimulator";
				SUPPORTS_MACCATALYST = NO;
				SUPPORTS_MAC_DESIGNED_FOR_IPHONE_IPAD = NO;
				SWIFT_EMIT_LOC_STRINGS = YES;
				SWIFT_VERSION = 5.0;
				TARGETED_DEVICE_FAMILY = 1;
			};
			name = Debug;
		};
		C05610552A5C78CB007FB970 /* Release */ = {
			isa = XCBuildConfiguration;
			buildSettings = {
				ASSETCATALOG_COMPILER_APPICON_NAME = AppIcon;
				ASSETCATALOG_COMPILER_GLOBAL_ACCENT_COLOR_NAME = AccentColor;
				CODE_SIGN_STYLE = Automatic;
				CURRENT_PROJECT_VERSION = 1;
				DEVELOPMENT_ASSET_PATHS = "\"DevAcademy/Preview Content\"";
				DEVELOPMENT_TEAM = U6U6MSV7P2;
				ENABLE_PREVIEWS = YES;
				GENERATE_INFOPLIST_FILE = YES;
				INFOPLIST_KEY_UIApplicationSceneManifest_Generation = YES;
				INFOPLIST_KEY_UIApplicationSupportsIndirectInputEvents = YES;
				INFOPLIST_KEY_UILaunchScreen_Generation = YES;
				INFOPLIST_KEY_UISupportedInterfaceOrientations_iPad = "UIInterfaceOrientationPortrait UIInterfaceOrientationPortraitUpsideDown UIInterfaceOrientationLandscapeLeft UIInterfaceOrientationLandscapeRight";
				INFOPLIST_KEY_UISupportedInterfaceOrientations_iPhone = "UIInterfaceOrientationPortrait UIInterfaceOrientationLandscapeLeft UIInterfaceOrientationLandscapeRight";
				IPHONEOS_DEPLOYMENT_TARGET = 16.0;
				LD_RUNPATH_SEARCH_PATHS = (
					"$(inherited)",
					"@executable_path/Frameworks",
				);
				MARKETING_VERSION = 1.0;
				PRODUCT_BUNDLE_IDENTIFIER = app.futured.DevAcademy.janVaverka;
				PRODUCT_NAME = "$(TARGET_NAME)";
				SUPPORTED_PLATFORMS = "iphoneos iphonesimulator";
				SUPPORTS_MACCATALYST = NO;
				SUPPORTS_MAC_DESIGNED_FOR_IPHONE_IPAD = NO;
				SWIFT_EMIT_LOC_STRINGS = YES;
				SWIFT_VERSION = 5.0;
				TARGETED_DEVICE_FAMILY = 1;
			};
			name = Release;
		};
/* End XCBuildConfiguration section */

/* Begin XCConfigurationList section */
		C05610402A5C78CA007FB970 /* Build configuration list for PBXProject "DevAcademy" */ = {
			isa = XCConfigurationList;
			buildConfigurations = (
				C05610512A5C78CB007FB970 /* Debug */,
				C05610522A5C78CB007FB970 /* Release */,
			);
			defaultConfigurationIsVisible = 0;
			defaultConfigurationName = Release;
		};
		C05610532A5C78CB007FB970 /* Build configuration list for PBXNativeTarget "DevAcademy" */ = {
			isa = XCConfigurationList;
			buildConfigurations = (
				C05610542A5C78CB007FB970 /* Debug */,
				C05610552A5C78CB007FB970 /* Release */,
			);
			defaultConfigurationIsVisible = 0;
			defaultConfigurationName = Release;
		};
/* End XCConfigurationList section */

/* Begin XCRemoteSwiftPackageReference section */
		1EB4914A2A80184200BDFF1D /* XCRemoteSwiftPackageReference "ActivityIndicatorView" */ = {
			isa = XCRemoteSwiftPackageReference;
			repositoryURL = "https://github.com/exyte/ActivityIndicatorView.git";
			requirement = {
				kind = upToNextMajorVersion;
				minimumVersion = 1.0.0;
			};
		};
/* End XCRemoteSwiftPackageReference section */

/* Begin XCSwiftPackageProductDependency section */
		1EB4914B2A80184200BDFF1D /* ActivityIndicatorView */ = {
			isa = XCSwiftPackageProductDependency;
			package = 1EB4914A2A80184200BDFF1D /* XCRemoteSwiftPackageReference "ActivityIndicatorView" */;
			productName = ActivityIndicatorView;
		};
/* End XCSwiftPackageProductDependency section */
	};
	rootObject = C056103D2A5C78CA007FB970 /* Project object */;
}
